Microsoft Visual Studio Solution File, Format Version 11.00
# Visual Studio 2010
Project("{8BC9CEB8-8B4A-11D0-8D11-00A0C91BC942}") = "libbiomdi", "libbiomdi.vcxproj", "{D7DABA37-95D1-4AB9-B9AF-D224177AFACE}"
EndProject
Project("{2150E333-8FDC-42A3-9474-1A3956D46DE8}") = "Face Recognition", "Face Recognition", "{79088256-DA25-49C5-BA40-595F8255FD9C}"
EndProject
Project("{8BC9CEB8-8B4A-11D0-8D11-00A0C91BC942}") = "cpfrf", "Face Recognition\cpfrf.vcxproj", "{9E1EEFA2-EAE7-4032-8B34-D1D350E7E5B6}"
	ProjectSection(ProjectDependencies) = postProject
		{D7DABA37-95D1-4AB9-B9AF-D224177AFACE} = {D7DABA37-95D1-4AB9-B9AF-D224177AFACE}
		{8B396770-4204-422C-B5AE-B7AA7C5E56D0} = {8B396770-4204-422C-B5AE-B7AA7C5E56D0}
		{089F1D92-D6CF-4F76-8A14-FE8E781C8A3E} = {089F1D92-D6CF-4F76-8A14-FE8E781C8A3E}
	EndProjectSection
EndProject
Project("{8BC9CEB8-8B4A-11D0-8D11-00A0C91BC942}") = "frfv", "Face Recognition\frfv.vcxproj", "{5F9C1D73-E09A-4F85-9487-CB972EC5D109}"
	ProjectSection(ProjectDependencies) = postProject
		{D7DABA37-95D1-4AB9-B9AF-D224177AFACE} = {D7DABA37-95D1-4AB9-B9AF-D224177AFACE}
		{8B396770-4204-422C-B5AE-B7AA7C5E56D0} = {8B396770-4204-422C-B5AE-B7AA7C5E56D0}
		{089F1D92-D6CF-4F76-8A14-FE8E781C8A3E} = {089F1D92-D6CF-4F76-8A14-FE8E781C8A3E}
	EndProjectSection
EndProject
Project("{8BC9CEB8-8B4A-11D0-8D11-00A0C91BC942}") = "libfrf", "Face Recognition\libfrf.vcxproj", "{8B396770-4204-422C-B5AE-B7AA7C5E56D0}"
	ProjectSection(ProjectDependencies) = postProject
		{D7DABA37-95D1-4AB9-B9AF-D224177AFACE} = {D7DABA37-95D1-4AB9-B9AF-D224177AFACE}
		{089F1D92-D6CF-4F76-8A14-FE8E781C8A3E} = {089F1D92-D6CF-4F76-8A14-FE8E781C8A3E}
	EndProjectSection
EndProject
Project("{8BC9CEB8-8B4A-11D0-8D11-00A0C91BC942}") = "mkfrf", "Face Recognition\mkfrf.vcxproj", "{C7002265-8E55-44AC-BAA2-B54C58FB3FA5}"
	ProjectSection(ProjectDependencies) = postProject
		{D7DABA37-95D1-4AB9-B9AF-D224177AFACE} = {D7DABA37-95D1-4AB9-B9AF-D224177AFACE}
		{8B396770-4204-422C-B5AE-B7AA7C5E56D0} = {8B396770-4204-422C-B5AE-B7AA7C5E56D0}
		{089F1D92-D6CF-4F76-8A14-FE8E781C8A3E} = {089F1D92-D6CF-4F76-8A14-FE8E781C8A3E}
	EndProjectSection
EndProject
Project("{8BC9CEB8-8B4A-11D0-8D11-00A0C91BC942}") = "prfrf", "Face Recognition\prfrf.vcxproj", "{13E70BEA-8815-4C84-BB8B-E8EEBA18DC54}"
	ProjectSection(ProjectDependencies) = postProject
		{D7DABA37-95D1-4AB9-B9AF-D224177AFACE} = {D7DABA37-95D1-4AB9-B9AF-D224177AFACE}
		{8B396770-4204-422C-B5AE-B7AA7C5E56D0} = {8B396770-4204-422C-B5AE-B7AA7C5E56D0}
	EndProjectSection
EndProject
Project("{2150E333-8FDC-42A3-9474-1A3956D46DE8}") = "Finger Image", "Finger Image", "{33AE206E-6726-4601-A487-1B38DB6109FB}"
EndProject
Project("{8BC9CEB8-8B4A-11D0-8D11-00A0C91BC942}") = "libfir", "Finger Image\libfir.vcxproj", "{1BA4B7A7-DFC1-42C1-9F5A-DF5958F6E321}"
	ProjectSection(ProjectDependencies) = postProject
		{D7DABA37-95D1-4AB9-B9AF-D224177AFACE} = {D7DABA37-95D1-4AB9-B9AF-D224177AFACE}
		{089F1D92-D6CF-4F76-8A14-FE8E781C8A3E} = {089F1D92-D6CF-4F76-8A14-FE8E781C8A3E}
	EndProjectSection
EndProject
Project("{8BC9CEB8-8B4A-11D0-8D11-00A0C91BC942}") = "firv", "Finger Image\firv.vcxproj", "{5D431E58-F480-434A-8C57-21AB9129A3D4}"
	ProjectSection(ProjectDependencies) = postProject
		{D7DABA37-95D1-4AB9-B9AF-D224177AFACE} = {D7DABA37-95D1-4AB9-B9AF-D224177AFACE}
		{089F1D92-D6CF-4F76-8A14-FE8E781C8A3E} = {089F1D92-D6CF-4F76-8A14-FE8E781C8A3E}
		{1BA4B7A7-DFC1-42C1-9F5A-DF5958F6E321} = {1BA4B7A7-DFC1-42C1-9F5A-DF5958F6E321}
	EndProjectSection
EndProject
Project("{8BC9CEB8-8B4A-11D0-8D11-00A0C91BC942}") = "mkfir", "Finger Image\mkfir.vcxproj", "{32DE4010-3DD9-4FCD-BFC7-46EBCAE8CFEC}"
	ProjectSection(ProjectDependencies) = postProject
		{D7DABA37-95D1-4AB9-B9AF-D224177AFACE} = {D7DABA37-95D1-4AB9-B9AF-D224177AFACE}
		{089F1D92-D6CF-4F76-8A14-FE8E781C8A3E} = {089F1D92-D6CF-4F76-8A14-FE8E781C8A3E}
		{1BA4B7A7-DFC1-42C1-9F5A-DF5958F6E321} = {1BA4B7A7-DFC1-42C1-9F5A-DF5958F6E321}
	EndProjectSection
EndProject
Project("{8BC9CEB8-8B4A-11D0-8D11-00A0C91BC942}") = "pgm2fir", "Finger Image\pgm2fir.vcxproj", "{4ABD5039-ABE4-43F2-ADF6-70C24D9A5B91}"
	ProjectSection(ProjectDependencies) = postProject
		{D7DABA37-95D1-4AB9-B9AF-D224177AFACE} = {D7DABA37-95D1-4AB9-B9AF-D224177AFACE}
		{089F1D92-D6CF-4F76-8A14-FE8E781C8A3E} = {089F1D92-D6CF-4F76-8A14-FE8E781C8A3E}
		{1BA4B7A7-DFC1-42C1-9F5A-DF5958F6E321} = {1BA4B7A7-DFC1-42C1-9F5A-DF5958F6E321}
	EndProjectSection
EndProject
Project("{8BC9CEB8-8B4A-11D0-8D11-00A0C91BC942}") = "prfir", "Finger Image\prfir.vcxproj", "{BD0A21E6-2668-4605-B4B3-237F1EB5DCBD}"
	ProjectSection(ProjectDependencies) = postProject
		{D7DABA37-95D1-4AB9-B9AF-D224177AFACE} = {D7DABA37-95D1-4AB9-B9AF-D224177AFACE}
		{089F1D92-D6CF-4F76-8A14-FE8E781C8A3E} = {089F1D92-D6CF-4F76-8A14-FE8E781C8A3E}
		{1BA4B7A7-DFC1-42C1-9F5A-DF5958F6E321} = {1BA4B7A7-DFC1-42C1-9F5A-DF5958F6E321}
	EndProjectSection
EndProject
Project("{2150E333-8FDC-42A3-9474-1A3956D46DE8}") = "Finger Minutiae", "Finger Minutiae", "{6C01AA16-37E6-437C-A6E8-6F807C0ADD3A}"
EndProject
Project("{8BC9CEB8-8B4A-11D0-8D11-00A0C91BC942}") = "an2k2fmr", "Finger Minutiae\an2k2fmr.vcxproj", "{303F42A4-7547-45C8-93FE-F7C3AA583E1C}"
	ProjectSection(ProjectDependencies) = postProject
		{CB95FD26-BDAC-4420-9A08-89EA6BA7743E} = {CB95FD26-BDAC-4420-9A08-89EA6BA7743E}
		{D7DABA37-95D1-4AB9-B9AF-D224177AFACE} = {D7DABA37-95D1-4AB9-B9AF-D224177AFACE}
		{089F1D92-D6CF-4F76-8A14-FE8E781C8A3E} = {089F1D92-D6CF-4F76-8A14-FE8E781C8A3E}
	EndProjectSection
EndProject
Project("{8BC9CEB8-8B4A-11D0-8D11-00A0C91BC942}") = "fmr2an2k", "Finger Minutiae\fmr2an2k.vcxproj", "{716BD843-FE0F-4744-8A08-85D4B67CE53F}"
	ProjectSection(ProjectDependencies) = postProject
		{CB95FD26-BDAC-4420-9A08-89EA6BA7743E} = {CB95FD26-BDAC-4420-9A08-89EA6BA7743E}
		{D7DABA37-95D1-4AB9-B9AF-D224177AFACE} = {D7DABA37-95D1-4AB9-B9AF-D224177AFACE}
		{089F1D92-D6CF-4F76-8A14-FE8E781C8A3E} = {089F1D92-D6CF-4F76-8A14-FE8E781C8A3E}
	EndProjectSection
EndProject
Project("{8BC9CEB8-8B4A-11D0-8D11-00A0C91BC942}") = "fmr2fmr", "Finger Minutiae\fmr2fmr.vcxproj", "{FDC8465B-05DC-4435-AC2C-788137277BAE}"
	ProjectSection(ProjectDependencies) = postProject
		{CB95FD26-BDAC-4420-9A08-89EA6BA7743E} = {CB95FD26-BDAC-4420-9A08-89EA6BA7743E}
		{D7DABA37-95D1-4AB9-B9AF-D224177AFACE} = {D7DABA37-95D1-4AB9-B9AF-D224177AFACE}
		{089F1D92-D6CF-4F76-8A14-FE8E781C8A3E} = {089F1D92-D6CF-4F76-8A14-FE8E781C8A3E}
	EndProjectSection
EndProject
Project("{8BC9CEB8-8B4A-11D0-8D11-00A0C91BC942}") = "fmrisocompact", "Finger Minutiae\fmrisocompact.vcxproj", "{10351532-DA63-4FA9-9FFB-DED6748236D6}"
	ProjectSection(ProjectDependencies) = postProject
		{CB95FD26-BDAC-4420-9A08-89EA6BA7743E} = {CB95FD26-BDAC-4420-9A08-89EA6BA7743E}
		{D7DABA37-95D1-4AB9-B9AF-D224177AFACE} = {D7DABA37-95D1-4AB9-B9AF-D224177AFACE}
		{089F1D92-D6CF-4F76-8A14-FE8E781C8A3E} = {089F1D92-D6CF-4F76-8A14-FE8E781C8A3E}
	EndProjectSection
EndProject
Project("{8BC9CEB8-8B4A-11D0-8D11-00A0C91BC942}") = "fmrmod", "Finger Minutiae\fmrmod.vcxproj", "{7F0D9574-5BC4-4437-B7DF-2603E07BEB40}"
	ProjectSection(ProjectDependencies) = postProject
		{CB95FD26-BDAC-4420-9A08-89EA6BA7743E} = {CB95FD26-BDAC-4420-9A08-89EA6BA7743E}
		{D7DABA37-95D1-4AB9-B9AF-D224177AFACE} = {D7DABA37-95D1-4AB9-B9AF-D224177AFACE}
		{089F1D92-D6CF-4F76-8A14-FE8E781C8A3E} = {089F1D92-D6CF-4F76-8A14-FE8E781C8A3E}
	EndProjectSection
EndProject
Project("{8BC9CEB8-8B4A-11D0-8D11-00A0C91BC942}") = "fmroverlap", "Finger Minutiae\fmroverlap.vcxproj", "{5C12DC0E-D64E-442D-A911-00354293C521}"
	ProjectSection(ProjectDependencies) = postProject
		{CB95FD26-BDAC-4420-9A08-89EA6BA7743E} = {CB95FD26-BDAC-4420-9A08-89EA6BA7743E}
		{D7DABA37-95D1-4AB9-B9AF-D224177AFACE} = {D7DABA37-95D1-4AB9-B9AF-D224177AFACE}
		{089F1D92-D6CF-4F76-8A14-FE8E781C8A3E} = {089F1D92-D6CF-4F76-8A14-FE8E781C8A3E}
	EndProjectSection
EndProject
Project("{8BC9CEB8-8B4A-11D0-8D11-00A0C91BC942}") = "fmrplot", "Finger Minutiae\fmrplot.vcxproj", "{5520E95B-974A-4D58-A72B-10B6195C4157}"
	ProjectSection(ProjectDependencies) = postProject
		{CB95FD26-BDAC-4420-9A08-89EA6BA7743E} = {CB95FD26-BDAC-4420-9A08-89EA6BA7743E}
		{D7DABA37-95D1-4AB9-B9AF-D224177AFACE} = {D7DABA37-95D1-4AB9-B9AF-D224177AFACE}
		{089F1D92-D6CF-4F76-8A14-FE8E781C8A3E} = {089F1D92-D6CF-4F76-8A14-FE8E781C8A3E}
	EndProjectSection
EndProject
Project("{8BC9CEB8-8B4A-11D0-8D11-00A0C91BC942}") = "fmrprune", "Finger Minutiae\fmrprune.vcxproj", "{2821F567-95FD-428F-87F5-F1159E67A987}"
	ProjectSection(ProjectDependencies) = postProject
		{CB95FD26-BDAC-4420-9A08-89EA6BA7743E} = {CB95FD26-BDAC-4420-9A08-89EA6BA7743E}
		{D7DABA37-95D1-4AB9-B9AF-D224177AFACE} = {D7DABA37-95D1-4AB9-B9AF-D224177AFACE}
		{089F1D92-D6CF-4F76-8A14-FE8E781C8A3E} = {089F1D92-D6CF-4F76-8A14-FE8E781C8A3E}
	EndProjectSection
EndProject
Project("{8BC9CEB8-8B4A-11D0-8D11-00A0C91BC942}") = "fmrsort", "Finger Minutiae\fmrsort.vcxproj", "{15ED0903-DE34-45BD-892C-5E150221F04F}"
	ProjectSection(ProjectDependencies) = postProject
		{CB95FD26-BDAC-4420-9A08-89EA6BA7743E} = {CB95FD26-BDAC-4420-9A08-89EA6BA7743E}
		{D7DABA37-95D1-4AB9-B9AF-D224177AFACE} = {D7DABA37-95D1-4AB9-B9AF-D224177AFACE}
		{089F1D92-D6CF-4F76-8A14-FE8E781C8A3E} = {089F1D92-D6CF-4F76-8A14-FE8E781C8A3E}
	EndProjectSection
EndProject
Project("{8BC9CEB8-8B4A-11D0-8D11-00A0C91BC942}") = "fmrv", "Finger Minutiae\fmrv.vcxproj", "{19C4CAEE-B700-4E04-ADDD-722A4B656936}"
	ProjectSection(ProjectDependencies) = postProject
		{CB95FD26-BDAC-4420-9A08-89EA6BA7743E} = {CB95FD26-BDAC-4420-9A08-89EA6BA7743E}
		{D7DABA37-95D1-4AB9-B9AF-D224177AFACE} = {D7DABA37-95D1-4AB9-B9AF-D224177AFACE}
		{089F1D92-D6CF-4F76-8A14-FE8E781C8A3E} = {089F1D92-D6CF-4F76-8A14-FE8E781C8A3E}
	EndProjectSection
EndProject
Project("{8BC9CEB8-8B4A-11D0-8D11-00A0C91BC942}") = "libfmr", "Finger Minutiae\libfmr.vcxproj", "{CB95FD26-BDAC-4420-9A08-89EA6BA7743E}"
	ProjectSection(ProjectDependencies) = postProject
		{D7DABA37-95D1-4AB9-B9AF-D224177AFACE} = {D7DABA37-95D1-4AB9-B9AF-D224177AFACE}
	EndProjectSection
EndProject
Project("{8BC9CEB8-8B4A-11D0-8D11-00A0C91BC942}") = "minexv", "Finger Minutiae\minexv.vcxproj", "{2838DC54-BC79-4602-8DEF-ABBBB4376A53}"
	ProjectSection(ProjectDependencies) = postProject
		{CB95FD26-BDAC-4420-9A08-89EA6BA7743E} = {CB95FD26-BDAC-4420-9A08-89EA6BA7743E}
		{D7DABA37-95D1-4AB9-B9AF-D224177AFACE} = {D7DABA37-95D1-4AB9-B9AF-D224177AFACE}
		{089F1D92-D6CF-4F76-8A14-FE8E781C8A3E} = {089F1D92-D6CF-4F76-8A14-FE8E781C8A3E}
	EndProjectSection
EndProject
Project("{8BC9CEB8-8B4A-11D0-8D11-00A0C91BC942}") = "mkfmr", "Finger Minutiae\mkfmr.vcxproj", "{AFF6B9A9-6CB0-4938-9A39-CC43A86F7324}"
	ProjectSection(ProjectDependencies) = postProject
		{CB95FD26-BDAC-4420-9A08-89EA6BA7743E} = {CB95FD26-BDAC-4420-9A08-89EA6BA7743E}
		{D7DABA37-95D1-4AB9-B9AF-D224177AFACE} = {D7DABA37-95D1-4AB9-B9AF-D224177AFACE}
		{089F1D92-D6CF-4F76-8A14-FE8E781C8A3E} = {089F1D92-D6CF-4F76-8A14-FE8E781C8A3E}
	EndProjectSection
EndProject
Project("{8BC9CEB8-8B4A-11D0-8D11-00A0C91BC942}") = "prfmr", "Finger Minutiae\prfmr.vcxproj", "{3BE883FD-8CC4-4919-AB56-29B5329A9586}"
	ProjectSection(ProjectDependencies) = postProject
		{CB95FD26-BDAC-4420-9A08-89EA6BA7743E} = {CB95FD26-BDAC-4420-9A08-89EA6BA7743E}
		{D7DABA37-95D1-4AB9-B9AF-D224177AFACE} = {D7DABA37-95D1-4AB9-B9AF-D224177AFACE}
		{089F1D92-D6CF-4F76-8A14-FE8E781C8A3E} = {089F1D92-D6CF-4F76-8A14-FE8E781C8A3E}
	EndProjectSection
EndProject
Project("{8BC9CEB8-8B4A-11D0-8D11-00A0C91BC942}") = "test", "Finger Minutiae\test.vcxproj", "{72A3ED30-0AFB-4F04-A328-8F7F28F00F31}"
	ProjectSection(ProjectDependencies) = postProject
		{CB95FD26-BDAC-4420-9A08-89EA6BA7743E} = {CB95FD26-BDAC-4420-9A08-89EA6BA7743E}
		{D7DABA37-95D1-4AB9-B9AF-D224177AFACE} = {D7DABA37-95D1-4AB9-B9AF-D224177AFACE}
		{089F1D92-D6CF-4F76-8A14-FE8E781C8A3E} = {089F1D92-D6CF-4F76-8A14-FE8E781C8A3E}
	EndProjectSection
EndProject
Project("{2150E333-8FDC-42A3-9474-1A3956D46DE8}") = "Iris Image", "Iris Image", "{D24DB0B0-9A8C-473A-885E-700470B58017}"
EndProject
Project("{8BC9CEB8-8B4A-11D0-8D11-00A0C91BC942}") = "libiid", "Iris Image\libiid.vcxproj", "{036CEA0D-F855-4F1C-BD66-D21475F15C4B}"
	ProjectSection(ProjectDependencies) = postProject
		{D7DABA37-95D1-4AB9-B9AF-D224177AFACE} = {D7DABA37-95D1-4AB9-B9AF-D224177AFACE}
	EndProjectSection
EndProject
Project("{8BC9CEB8-8B4A-11D0-8D11-00A0C91BC942}") = "iibdbv", "Iris Image\iibdbv.vcxproj", "{446875FF-DCB6-4261-AE3A-803C1BB3C4CF}"
	ProjectSection(ProjectDependencies) = postProject
		{036CEA0D-F855-4F1C-BD66-D21475F15C4B} = {036CEA0D-F855-4F1C-BD66-D21475F15C4B}
		{D7DABA37-95D1-4AB9-B9AF-D224177AFACE} = {D7DABA37-95D1-4AB9-B9AF-D224177AFACE}
		{089F1D92-D6CF-4F76-8A14-FE8E781C8A3E} = {089F1D92-D6CF-4F76-8A14-FE8E781C8A3E}
	EndProjectSection
EndProject
Project("{8BC9CEB8-8B4A-11D0-8D11-00A0C91BC942}") = "priibdb", "Iris Image\priibdb.vcxproj", "{9CDFC84C-FFE8-44A4-A6C3-3FAEA612896E}"
	ProjectSection(ProjectDependencies) = postProject
		{036CEA0D-F855-4F1C-BD66-D21475F15C4B} = {036CEA0D-F855-4F1C-BD66-D21475F15C4B}
		{D7DABA37-95D1-4AB9-B9AF-D224177AFACE} = {D7DABA37-95D1-4AB9-B9AF-D224177AFACE}
		{089F1D92-D6CF-4F76-8A14-FE8E781C8A3E} = {089F1D92-D6CF-4F76-8A14-FE8E781C8A3E}
	EndProjectSection
EndProject
Project("{2150E333-8FDC-42A3-9474-1A3956D46DE8}") = "Support", "Support", "{CC397481-2279-4517-8C07-464477DBB69D}"
EndProject
Project("{8BC9CEB8-8B4A-11D0-8D11-00A0C91BC942}") = "unistd", "support\unistd.vcxproj", "{089F1D92-D6CF-4F76-8A14-FE8E781C8A3E}"
EndProject
Global
	GlobalSection(SolutionConfigurationPlatforms) = preSolution
		Debug|Win32 = Debug|Win32
		Release|Win32 = Release|Win32
	EndGlobalSection
	GlobalSection(ProjectConfigurationPlatforms) = postSolution
		{D7DABA37-95D1-4AB9-B9AF-D224177AFACE}.Debug|Win32.ActiveCfg = Debug|Win32
		{D7DABA37-95D1-4AB9-B9AF-D224177AFACE}.Debug|Win32.Build.0 = Debug|Win32
		{D7DABA37-95D1-4AB9-B9AF-D224177AFACE}.Release|Win32.ActiveCfg = Release|Win32
		{D7DABA37-95D1-4AB9-B9AF-D224177AFACE}.Release|Win32.Build.0 = Release|Win32
		{9E1EEFA2-EAE7-4032-8B34-D1D350E7E5B6}.Debug|Win32.ActiveCfg = Debug|Win32
		{9E1EEFA2-EAE7-4032-8B34-D1D350E7E5B6}.Debug|Win32.Build.0 = Debug|Win32
		{9E1EEFA2-EAE7-4032-8B34-D1D350E7E5B6}.Release|Win32.ActiveCfg = Release|Win32
		{9E1EEFA2-EAE7-4032-8B34-D1D350E7E5B6}.Release|Win32.Build.0 = Release|Win32
		{5F9C1D73-E09A-4F85-9487-CB972EC5D109}.Debug|Win32.ActiveCfg = Debug|Win32
		{5F9C1D73-E09A-4F85-9487-CB972EC5D109}.Debug|Win32.Build.0 = Debug|Win32
		{5F9C1D73-E09A-4F85-9487-CB972EC5D109}.Release|Win32.ActiveCfg = Release|Win32
		{5F9C1D73-E09A-4F85-9487-CB972EC5D109}.Release|Win32.Build.0 = Release|Win32
		{8B396770-4204-422C-B5AE-B7AA7C5E56D0}.Debug|Win32.ActiveCfg = Debug|Win32
		{8B396770-4204-422C-B5AE-B7AA7C5E56D0}.Debug|Win32.Build.0 = Debug|Win32
		{8B396770-4204-422C-B5AE-B7AA7C5E56D0}.Release|Win32.ActiveCfg = Release|Win32
		{8B396770-4204-422C-B5AE-B7AA7C5E56D0}.Release|Win32.Build.0 = Release|Win32
		{C7002265-8E55-44AC-BAA2-B54C58FB3FA5}.Debug|Win32.ActiveCfg = Debug|Win32
		{C7002265-8E55-44AC-BAA2-B54C58FB3FA5}.Debug|Win32.Build.0 = Debug|Win32
		{C7002265-8E55-44AC-BAA2-B54C58FB3FA5}.Release|Win32.ActiveCfg = Release|Win32
		{C7002265-8E55-44AC-BAA2-B54C58FB3FA5}.Release|Win32.Build.0 = Release|Win32
		{13E70BEA-8815-4C84-BB8B-E8EEBA18DC54}.Debug|Win32.ActiveCfg = Debug|Win32
		{13E70BEA-8815-4C84-BB8B-E8EEBA18DC54}.Debug|Win32.Build.0 = Debug|Win32
		{13E70BEA-8815-4C84-BB8B-E8EEBA18DC54}.Release|Win32.ActiveCfg = Release|Win32
		{13E70BEA-8815-4C84-BB8B-E8EEBA18DC54}.Release|Win32.Build.0 = Release|Win32
		{1BA4B7A7-DFC1-42C1-9F5A-DF5958F6E321}.Debug|Win32.ActiveCfg = Debug|Win32
		{1BA4B7A7-DFC1-42C1-9F5A-DF5958F6E321}.Debug|Win32.Build.0 = Debug|Win32
		{1BA4B7A7-DFC1-42C1-9F5A-DF5958F6E321}.Release|Win32.ActiveCfg = Release|Win32
		{1BA4B7A7-DFC1-42C1-9F5A-DF5958F6E321}.Release|Win32.Build.0 = Release|Win32
		{5D431E58-F480-434A-8C57-21AB9129A3D4}.Debug|Win32.ActiveCfg = Debug|Win32
		{5D431E58-F480-434A-8C57-21AB9129A3D4}.Debug|Win32.Build.0 = Debug|Win32
		{5D431E58-F480-434A-8C57-21AB9129A3D4}.Release|Win32.ActiveCfg = Release|Win32
		{5D431E58-F480-434A-8C57-21AB9129A3D4}.Release|Win32.Build.0 = Release|Win32
		{32DE4010-3DD9-4FCD-BFC7-46EBCAE8CFEC}.Debug|Win32.ActiveCfg = Debug|Win32
		{32DE4010-3DD9-4FCD-BFC7-46EBCAE8CFEC}.Debug|Win32.Build.0 = Debug|Win32
		{32DE4010-3DD9-4FCD-BFC7-46EBCAE8CFEC}.Release|Win32.ActiveCfg = Release|Win32
		{32DE4010-3DD9-4FCD-BFC7-46EBCAE8CFEC}.Release|Win32.Build.0 = Release|Win32
		{4ABD5039-ABE4-43F2-ADF6-70C24D9A5B91}.Debug|Win32.ActiveCfg = Debug|Win32
		{4ABD5039-ABE4-43F2-ADF6-70C24D9A5B91}.Debug|Win32.Build.0 = Debug|Win32
		{4ABD5039-ABE4-43F2-ADF6-70C24D9A5B91}.Release|Win32.ActiveCfg = Release|Win32
		{4ABD5039-ABE4-43F2-ADF6-70C24D9A5B91}.Release|Win32.Build.0 = Release|Win32
		{BD0A21E6-2668-4605-B4B3-237F1EB5DCBD}.Debug|Win32.ActiveCfg = Debug|Win32
		{BD0A21E6-2668-4605-B4B3-237F1EB5DCBD}.Debug|Win32.Build.0 = Debug|Win32
		{BD0A21E6-2668-4605-B4B3-237F1EB5DCBD}.Release|Win32.ActiveCfg = Release|Win32
		{BD0A21E6-2668-4605-B4B3-237F1EB5DCBD}.Release|Win32.Build.0 = Release|Win32
		{303F42A4-7547-45C8-93FE-F7C3AA583E1C}.Debug|Win32.ActiveCfg = Debug|Win32
		{303F42A4-7547-45C8-93FE-F7C3AA583E1C}.Debug|Win32.Build.0 = Debug|Win32
		{303F42A4-7547-45C8-93FE-F7C3AA583E1C}.Release|Win32.ActiveCfg = Release|Win32
		{303F42A4-7547-45C8-93FE-F7C3AA583E1C}.Release|Win32.Build.0 = Release|Win32
		{716BD843-FE0F-4744-8A08-85D4B67CE53F}.Debug|Win32.ActiveCfg = Debug|Win32
		{716BD843-FE0F-4744-8A08-85D4B67CE53F}.Debug|Win32.Build.0 = Debug|Win32
		{716BD843-FE0F-4744-8A08-85D4B67CE53F}.Release|Win32.ActiveCfg = Release|Win32
		{716BD843-FE0F-4744-8A08-85D4B67CE53F}.Release|Win32.Build.0 = Release|Win32
		{FDC8465B-05DC-4435-AC2C-788137277BAE}.Debug|Win32.ActiveCfg = Debug|Win32
		{FDC8465B-05DC-4435-AC2C-788137277BAE}.Debug|Win32.Build.0 = Debug|Win32
		{FDC8465B-05DC-4435-AC2C-788137277BAE}.Release|Win32.ActiveCfg = Release|Win32
		{FDC8465B-05DC-4435-AC2C-788137277BAE}.Release|Win32.Build.0 = Release|Win32
		{10351532-DA63-4FA9-9FFB-DED6748236D6}.Debug|Win32.ActiveCfg = Debug|Win32
		{10351532-DA63-4FA9-9FFB-DED6748236D6}.Debug|Win32.Build.0 = Debug|Win32
		{10351532-DA63-4FA9-9FFB-DED6748236D6}.Release|Win32.ActiveCfg = Release|Win32
		{10351532-DA63-4FA9-9FFB-DED6748236D6}.Release|Win32.Build.0 = Release|Win32
		{7F0D9574-5BC4-4437-B7DF-2603E07BEB40}.Debug|Win32.ActiveCfg = Debug|Win32
		{7F0D9574-5BC4-4437-B7DF-2603E07BEB40}.Debug|Win32.Build.0 = Debug|Win32
		{7F0D9574-5BC4-4437-B7DF-2603E07BEB40}.Release|Win32.ActiveCfg = Release|Win32
		{7F0D9574-5BC4-4437-B7DF-2603E07BEB40}.Release|Win32.Build.0 = Release|Win32
		{5C12DC0E-D64E-442D-A911-00354293C521}.Debug|Win32.ActiveCfg = Debug|Win32
		{5C12DC0E-D64E-442D-A911-00354293C521}.Debug|Win32.Build.0 = Debug|Win32
		{5C12DC0E-D64E-442D-A911-00354293C521}.Release|Win32.ActiveCfg = Release|Win32
		{5C12DC0E-D64E-442D-A911-00354293C521}.Release|Win32.Build.0 = Release|Win32
		{5520E95B-974A-4D58-A72B-10B6195C4157}.Debug|Win32.ActiveCfg = Debug|Win32
		{5520E95B-974A-4D58-A72B-10B6195C4157}.Debug|Win32.Build.0 = Debug|Win32
		{5520E95B-974A-4D58-A72B-10B6195C4157}.Release|Win32.ActiveCfg = Release|Win32
		{5520E95B-974A-4D58-A72B-10B6195C4157}.Release|Win32.Build.0 = Release|Win32
		{2821F567-95FD-428F-87F5-F1159E67A987}.Debug|Win32.ActiveCfg = Debug|Win32
		{2821F567-95FD-428F-87F5-F1159E67A987}.Debug|Win32.Build.0 = Debug|Win32
		{2821F567-95FD-428F-87F5-F1159E67A987}.Release|Win32.ActiveCfg = Release|Win32
		{2821F567-95FD-428F-87F5-F1159E67A987}.Release|Win32.Build.0 = Release|Win32
		{15ED0903-DE34-45BD-892C-5E150221F04F}.Debug|Win32.ActiveCfg = Debug|Win32
		{15ED0903-DE34-45BD-892C-5E150221F04F}.Debug|Win32.Build.0 = Debug|Win32
		{15ED0903-DE34-45BD-892C-5E150221F04F}.Release|Win32.ActiveCfg = Release|Win32
		{15ED0903-DE34-45BD-892C-5E150221F04F}.Release|Win32.Build.0 = Release|Win32
		{19C4CAEE-B700-4E04-ADDD-722A4B656936}.Debug|Win32.ActiveCfg = Debug|Win32
		{19C4CAEE-B700-4E04-ADDD-722A4B656936}.Debug|Win32.Build.0 = Debug|Win32
		{19C4CAEE-B700-4E04-ADDD-722A4B656936}.Release|Win32.ActiveCfg = Release|Win32
		{19C4CAEE-B700-4E04-ADDD-722A4B656936}.Release|Win32.Build.0 = Release|Win32
		{CB95FD26-BDAC-4420-9A08-89EA6BA7743E}.Debug|Win32.ActiveCfg = Debug|Win32
		{CB95FD26-BDAC-4420-9A08-89EA6BA7743E}.Debug|Win32.Build.0 = Debug|Win32
		{CB95FD26-BDAC-4420-9A08-89EA6BA7743E}.Release|Win32.ActiveCfg = Release|Win32
		{CB95FD26-BDAC-4420-9A08-89EA6BA7743E}.Release|Win32.Build.0 = Release|Win32
		{2838DC54-BC79-4602-8DEF-ABBBB4376A53}.Debug|Win32.ActiveCfg = Debug|Win32
		{2838DC54-BC79-4602-8DEF-ABBBB4376A53}.Debug|Win32.Build.0 = Debug|Win32
		{2838DC54-BC79-4602-8DEF-ABBBB4376A53}.Release|Win32.ActiveCfg = Release|Win32
		{2838DC54-BC79-4602-8DEF-ABBBB4376A53}.Release|Win32.Build.0 = Release|Win32
		{AFF6B9A9-6CB0-4938-9A39-CC43A86F7324}.Debug|Win32.ActiveCfg = Debug|Win32
		{AFF6B9A9-6CB0-4938-9A39-CC43A86F7324}.Debug|Win32.Build.0 = Debug|Win32
		{AFF6B9A9-6CB0-4938-9A39-CC43A86F7324}.Release|Win32.ActiveCfg = Release|Win32
		{AFF6B9A9-6CB0-4938-9A39-CC43A86F7324}.Release|Win32.Build.0 = Release|Win32
		{3BE883FD-8CC4-4919-AB56-29B5329A9586}.Debug|Win32.ActiveCfg = Debug|Win32
		{3BE883FD-8CC4-4919-AB56-29B5329A9586}.Debug|Win32.Build.0 = Debug|Win32
		{3BE883FD-8CC4-4919-AB56-29B5329A9586}.Release|Win32.ActiveCfg = Release|Win32
		{3BE883FD-8CC4-4919-AB56-29B5329A9586}.Release|Win32.Build.0 = Release|Win32
		{72A3ED30-0AFB-4F04-A328-8F7F28F00F31}.Debug|Win32.ActiveCfg = Debug|Win32
		{72A3ED30-0AFB-4F04-A328-8F7F28F00F31}.Debug|Win32.Build.0 = Debug|Win32
		{72A3ED30-0AFB-4F04-A328-8F7F28F00F31}.Release|Win32.ActiveCfg = Release|Win32
		{72A3ED30-0AFB-4F04-A328-8F7F28F00F31}.Release|Win32.Build.0 = Release|Win32
		{036CEA0D-F855-4F1C-BD66-D21475F15C4B}.Debug|Win32.ActiveCfg = Debug|Win32
		{036CEA0D-F855-4F1C-BD66-D21475F15C4B}.Debug|Win32.Build.0 = Debug|Win32
		{036CEA0D-F855-4F1C-BD66-D21475F15C4B}.Release|Win32.ActiveCfg = Release|Win32
		{036CEA0D-F855-4F1C-BD66-D21475F15C4B}.Release|Win32.Build.0 = Release|Win32
		{446875FF-DCB6-4261-AE3A-803C1BB3C4CF}.Debug|Win32.ActiveCfg = Debug|Win32
		{446875FF-DCB6-4261-AE3A-803C1BB3C4CF}.Debug|Win32.Build.0 = Debug|Win32
		{446875FF-DCB6-4261-AE3A-803C1BB3C4CF}.Release|Win32.ActiveCfg = Release|Win32
		{446875FF-DCB6-4261-AE3A-803C1BB3C4CF}.Release|Win32.Build.0 = Release|Win32
		{9CDFC84C-FFE8-44A4-A6C3-3FAEA612896E}.Debug|Win32.ActiveCfg = Debug|Win32
		{9CDFC84C-FFE8-44A4-A6C3-3FAEA612896E}.Debug|Win32.Build.0 = Debug|Win32
		{9CDFC84C-FFE8-44A4-A6C3-3FAEA612896E}.Release|Win32.ActiveCfg = Release|Win32
		{9CDFC84C-FFE8-44A4-A6C3-3FAEA612896E}.Release|Win32.Build.0 = Release|Win32
		{089F1D92-D6CF-4F76-8A14-FE8E781C8A3E}.Debug|Win32.ActiveCfg = Debug|Win32
		{089F1D92-D6CF-4F76-8A14-FE8E781C8A3E}.Debug|Win32.Build.0 = Debug|Win32
		{089F1D92-D6CF-4F76-8A14-FE8E781C8A3E}.Release|Win32.ActiveCfg = Release|Win32
		{089F1D92-D6CF-4F76-8A14-FE8E781C8A3E}.Release|Win32.Build.0 = Release|Win32
	EndGlobalSection
	GlobalSection(SolutionProperties) = preSolution
		HideSolutionNode = FALSE
	EndGlobalSection
	GlobalSection(NestedProjects) = preSolution
		{9E1EEFA2-EAE7-4032-8B34-D1D350E7E5B6} = {79088256-DA25-49C5-BA40-595F8255FD9C}
		{5F9C1D73-E09A-4F85-9487-CB972EC5D109} = {79088256-DA25-49C5-BA40-595F8255FD9C}
		{8B396770-4204-422C-B5AE-B7AA7C5E56D0} = {79088256-DA25-49C5-BA40-595F8255FD9C}
		{C7002265-8E55-44AC-BAA2-B54C58FB3FA5} = {79088256-DA25-49C5-BA40-595F8255FD9C}
		{13E70BEA-8815-4C84-BB8B-E8EEBA18DC54} = {79088256-DA25-49C5-BA40-595F8255FD9C}
		{1BA4B7A7-DFC1-42C1-9F5A-DF5958F6E321} = {33AE206E-6726-4601-A487-1B38DB6109FB}
		{5D431E58-F480-434A-8C57-21AB9129A3D4} = {33AE206E-6726-4601-A487-1B38DB6109FB}
		{32DE4010-3DD9-4FCD-BFC7-46EBCAE8CFEC} = {33AE206E-6726-4601-A487-1B38DB6109FB}
		{4ABD5039-ABE4-43F2-ADF6-70C24D9A5B91} = {33AE206E-6726-4601-A487-1B38DB6109FB}
		{BD0A21E6-2668-4605-B4B3-237F1EB5DCBD} = {33AE206E-6726-4601-A487-1B38DB6109FB}
		{303F42A4-7547-45C8-93FE-F7C3AA583E1C} = {6C01AA16-37E6-437C-A6E8-6F807C0ADD3A}
		{716BD843-FE0F-4744-8A08-85D4B67CE53F} = {6C01AA16-37E6-437C-A6E8-6F807C0ADD3A}
		{FDC8465B-05DC-4435-AC2C-788137277BAE} = {6C01AA16-37E6-437C-A6E8-6F807C0ADD3A}
		{10351532-DA63-4FA9-9FFB-DED6748236D6} = {6C01AA16-37E6-437C-A6E8-6F807C0ADD3A}
		{7F0D9574-5BC4-4437-B7DF-2603E07BEB40} = {6C01AA16-37E6-437C-A6E8-6F807C0ADD3A}
		{5C12DC0E-D64E-442D-A911-00354293C521} = {6C01AA16-37E6-437C-A6E8-6F807C0ADD3A}
		{5520E95B-974A-4D58-A72B-10B6195C4157} = {6C01AA16-37E6-437C-A6E8-6F807C0ADD3A}
		{2821F567-95FD-428F-87F5-F1159E67A987} = {6C01AA16-37E6-437C-A6E8-6F807C0ADD3A}
		{15ED0903-DE34-45BD-892C-5E150221F04F} = {6C01AA16-37E6-437C-A6E8-6F807C0ADD3A}
		{19C4CAEE-B700-4E04-ADDD-722A4B656936} = {6C01AA16-37E6-437C-A6E8-6F807C0ADD3A}
		{CB95FD26-BDAC-4420-9A08-89EA6BA7743E} = {6C01AA16-37E6-437C-A6E8-6F807C0ADD3A}
		{2838DC54-BC79-4602-8DEF-ABBBB4376A53} = {6C01AA16-37E6-437C-A6E8-6F807C0ADD3A}
		{AFF6B9A9-6CB0-4938-9A39-CC43A86F7324} = {6C01AA16-37E6-437C-A6E8-6F807C0ADD3A}
		{3BE883FD-8CC4-4919-AB56-29B5329A9586} = {6C01AA16-37E6-437C-A6E8-6F807C0ADD3A}
		{72A3ED30-0AFB-4F04-A328-8F7F28F00F31} = {6C01AA16-37E6-437C-A6E8-6F807C0ADD3A}
		{036CEA0D-F855-4F1C-BD66-D21475F15C4B} = {D24DB0B0-9A8C-473A-885E-700470B58017}
		{446875FF-DCB6-4261-AE3A-803C1BB3C4CF} = {D24DB0B0-9A8C-473A-885E-700470B58017}
		{9CDFC84C-FFE8-44A4-A6C3-3FAEA612896E} = {D24DB0B0-9A8C-473A-885E-700470B58017}
		{089F1D92-D6CF-4F76-8A14-FE8E781C8A3E} = {CC397481-2279-4517-8C07-464477DBB69D}
	EndGlobalSection
EndGlobal
